<?xml version="1.0" encoding="utf-8"?>
<Project ToolsVersion="4.0" xmlns="http://schemas.microsoft.com/developer/msbuild/2003">
  <ItemGroup>
    <Filter Include="Source Files">
      <UniqueIdentifier>{4FC737F1-C7A5-4376-A066-2A32D752A2FF}</UniqueIdentifier>
      <Extensions>cpp;c;cc;cxx;c++;cppm;ixx;def;odl;idl;hpj;bat;asm;asmx</Extensions>
    </Filter>
    <Filter Include="Header Files">
      <UniqueIdentifier>{93995380-89BD-4b04-88EB-625FBE52EBFB}</UniqueIdentifier>
      <Extensions>h;hh;hpp;hxx;h++;hm;inl;inc;ipp;xsd</Extensions>
    </Filter>
    <Filter Include="Resource Files">
      <UniqueIdentifier>{67DA6AB6-F800-4c08-8B7A-83BB121AAD01}</UniqueIdentifier>
      <Extensions>rc;ico;cur;bmp;dlg;rc2;rct;bin;rgs;gif;jpg;jpeg;jpe;resx;tiff;tif;png;wav;mfcribbon-ms</Extensions>
    </Filter>
    <Filter Include="Source Files\Curl">
      <UniqueIdentifier>{b98e4da4-bf90-41cb-b4da-058ba9ce4ea3}</UniqueIdentifier>
    </Filter>
  </ItemGroup>
  <ItemGroup>
    <ClCompile Include="Main.cpp">
      <Filter>Source Files</Filter>
    </ClCompile>
    <ClCompile Include="Curl\CurlFacade.cpp">
      <Filter>Source Files\Curl</Filter>
    </ClCompile>
    <ClCompile Include="Application.cpp">
      <Filter>Source Files</Filter>
    </ClCompile>
    <ClCompile Include="Interpeter\Interpreter.cpp">
      <Filter>Source Files</Filter>
    </ClCompile>
    <ClCompile Include="Interpeter\Commands\CommandFactory.cpp">
      <Filter>Source Files</Filter>
    </ClCompile>
    <ClCompile Include="Interpeter\Stack.cpp">
      <Filter>Source Files</Filter>
    </ClCompile>
    <ClCompile Include="Interpeter\Commands\Command.cpp">
      <Filter>Source Files</Filter>
    </ClCompile>
    <ClCompile Include="Interpeter\Commands\ValueTypeCommands\IntegerCommand.cpp">
      <Filter>Source Files</Filter>
    </ClCompile>
    <ClCompile Include="Interpeter\Commands\ValueTypeCommands\StringCommand.cpp">
      <Filter>Source Files</Filter>
    </ClCompile>
    <ClCompile Include="Interpeter\Commands\ValueTypeCommands\LabelDefinitionCommand.cpp">
      <Filter>Source Files</Filter>
    </ClCompile>
    <ClCompile Include="Interpeter\Commands\ValueTypeCommands\LabelReferenceCommand.cpp">
      <Filter>Source Files</Filter>
    </ClCompile>
    <ClCompile Include="Interpeter\Commands\OtherCommands\CommentCommand.cpp">
      <Filter>Source Files</Filter>
    </ClCompile>
    <ClCompile Include="Interpeter\Commands\ValueTypeCommands\VariableAssignmentCommand.cpp">
      <Filter>Source Files</Filter>
    </ClCompile>
    <ClCompile Include="Interpeter\Commands\ValueTypeCommands\VariableReferenceCommand.cpp">
      <Filter>Source Files</Filter>
    </ClCompile>
    <ClCompile Include="Interpeter\Commands\IntegerCommands\AddCommand.cpp">
      <Filter>Source Files</Filter>
    </ClCompile>
    <ClCompile Include="Interpeter\Commands\IntegerCommands\SubtractCommand.cpp">
      <Filter>Source Files</Filter>
    </ClCompile>
    <ClCompile Include="Interpeter\Commands\IntegerCommands\MultiplyCommand.cpp">
      <Filter>Source Files</Filter>
    </ClCompile>
    <ClCompile Include="Interpeter\Commands\IntegerCommands\DivideCommand.cpp">
      <Filter>Source Files</Filter>
    </ClCompile>
    <ClCompile Include="Interpeter\Commands\IntegerCommands\ModuloCommand.cpp">
      <Filter>Source Files</Filter>
    </ClCompile>
    <ClCompile Include="Interpeter\Commands\IntegerCommands\NegateCommand.cpp">
      <Filter>Source Files</Filter>
    </ClCompile>
    <ClCompile Include="Interpeter\Commands\IntegerCommands\AbsoluteCommand.cpp">
      <Filter>Source Files</Filter>
    </ClCompile>
    <ClCompile Include="Interpeter\Commands\IntegerCommands\IncrementCommand.cpp">
      <Filter>Source Files</Filter>
    </ClCompile>
    <ClCompile Include="Interpeter\Commands\IntegerCommands\DecrementCommand.cpp">
      <Filter>Source Files</Filter>
    </ClCompile>
    <ClCompile Include="Interpeter\Commands\StringCommands\DuplicateCommand.cpp">
      <Filter>Source Files</Filter>
    </ClCompile>
    <ClCompile Include="Interpeter\Commands\StringCommands\ReverseCommand.cpp">
      <Filter>Source Files</Filter>
    </ClCompile>
    <ClCompile Include="Interpeter\Commands\StringCommands\SubstringCommand.cpp">
      <Filter>Source Files</Filter>
    </ClCompile>
    <ClCompile Include="Interpeter\Commands\StringCommands\IndexCommand.cpp">
      <Filter>Source Files</Filter>
    </ClCompile>
    <ClCompile Include="Interpeter\Commands\StringCommands\ConcatenationCommand.cpp">
      <Filter>Source Files</Filter>
    </ClCompile>
    <ClCompile Include="Interpeter\Commands\StringCommands\LengthCommand.cpp">
      <Filter>Source Files</Filter>
    </ClCompile>
    <ClCompile Include="Interpeter\Commands\StringCommands\RotateCommand.cpp">
      <Filter>Source Files</Filter>
    </ClCompile>
    <ClCompile Include="Interpeter\Commands\StringCommands\NewLineCommand.cpp">
      <Filter>Source Files</Filter>
    </ClCompile>
    <ClCompile Include="Interpeter\Commands\TestJumpCommands\GotoCommand.cpp">
      <Filter>Source Files</Filter>
    </ClCompile>
    <ClCompile Include="Interpeter\Commands\TestJumpCommands\GotoIfNotEqualCommand.cpp">
      <Filter>Source Files</Filter>
    </ClCompile>
    <ClCompile Include="Interpeter\Commands\TestJumpCommands\GotoIfEqualCommand.cpp">
      <Filter>Source Files</Filter>
    </ClCompile>
    <ClCompile Include="Interpeter\Commands\TestJumpCommands\GotoIfLessCommand.cpp">
      <Filter>Source Files</Filter>
    </ClCompile>
    <ClCompile Include="Interpeter\Commands\TestJumpCommands\GotoIfLessOrEqualCommand.cpp">
      <Filter>Source Files</Filter>
    </ClCompile>
    <ClCompile Include="Interpeter\Commands\TestJumpCommands\GotoIfGreaterCommand.cpp">
      <Filter>Source Files</Filter>
    </ClCompile>
    <ClCompile Include="Interpeter\Commands\TestJumpCommands\GotoIfGreaterOrEqualCommand.cpp">
      <Filter>Source Files</Filter>
    </ClCompile>
    <ClCompile Include="Interpeter\Commands\FunctionCommands\FunctionDefinitionCommand.cpp">
      <Filter>Source Files</Filter>
    </ClCompile>
    <ClCompile Include="Interpeter\Commands\FunctionCommands\FunctionReturnCommand.cpp">
      <Filter>Source Files</Filter>
    </ClCompile>
    <ClCompile Include="Exceptions\CurlUrlException.cpp">
      <Filter>Source Files</Filter>
    </ClCompile>
    <ClCompile Include="Exceptions\InterpreterException.cpp">
      <Filter>Source Files</Filter>
    </ClCompile>
    <ClCompile Include="Interpeter\Helper.cpp">
      <Filter>Source Files</Filter>
    </ClCompile>
    <ClCompile Include="Interpeter\Commands\OtherCommands\EndCommand.cpp">
      <Filter>Source Files</Filter>
    </ClCompile>
  </ItemGroup>
  <ItemGroup>
    <ClInclude Include="Curl\CurlFacade.h">
      <Filter>Header Files</Filter>
    </ClInclude>
    <ClInclude Include="Application.h">
      <Filter>Header Files</Filter>
    </ClInclude>
    <ClInclude Include="Interpeter\Interpreter.h">
      <Filter>Header Files</Filter>
    </ClInclude>
    <ClInclude Include="Interpeter\Commands\CommandFactory.h">
      <Filter>Header Files</Filter>
    </ClInclude>
    <ClInclude Include="Interpeter\Stack.h">
      <Filter>Header Files</Filter>
    </ClInclude>
    <ClInclude Include="Interpeter\Commands\Command.h">
      <Filter>Header Files</Filter>
    </ClInclude>
    <ClInclude Include="Interpeter\Commands\ValueTypeCommands\IntegerCommand.h">
      <Filter>Header Files</Filter>
    </ClInclude>
    <ClInclude Include="Interpeter\Commands\ValueTypeCommands\StringCommand.h">
      <Filter>Header Files</Filter>
    </ClInclude>
    <ClInclude Include="Interpeter\Commands\ValueTypeCommands\LabelDefinitionCommand.h">
      <Filter>Header Files</Filter>
    </ClInclude>
    <ClInclude Include="Interpeter\Commands\ValueTypeCommands\LabelReferenceCommand.h">
      <Filter>Header Files</Filter>
    </ClInclude>
    <ClInclude Include="Interpeter\Commands\OtherCommands\CommentCommand.h">
      <Filter>Header Files</Filter>
    </ClInclude>
    <ClInclude Include="Interpeter\Commands\ValueTypeCommands\VariableAssignmentCommand.h">
      <Filter>Header Files</Filter>
    </ClInclude>
    <ClInclude Include="Interpeter\Commands\ValueTypeCommands\VariableReferenceCommand.h">
      <Filter>Header Files</Filter>
    </ClInclude>
    <ClInclude Include="Interpeter\Commands\IntegerCommands\AddCommand.h">
      <Filter>Header Files</Filter>
    </ClInclude>
    <ClInclude Include="Interpeter\Commands\IntegerCommands\SubtractCommand.h">
      <Filter>Header Files</Filter>
    </ClInclude>
    <ClInclude Include="Interpeter\Commands\IntegerCommands\MultiplyCommand.h">
      <Filter>Header Files</Filter>
    </ClInclude>
    <ClInclude Include="Interpeter\Commands\IntegerCommands\DivideCommand.h">
      <Filter>Header Files</Filter>
    </ClInclude>
    <ClInclude Include="Interpeter\Commands\IntegerCommands\ModuloCommand.h">
      <Filter>Header Files</Filter>
    </ClInclude>
    <ClInclude Include="Interpeter\Commands\IntegerCommands\NegateCommand.h">
      <Filter>Header Files</Filter>
    </ClInclude>
    <ClInclude Include="Interpeter\Commands\IntegerCommands\AbsoluteCommand.h">
      <Filter>Header Files</Filter>
    </ClInclude>
    <ClInclude Include="Interpeter\Commands\IntegerCommands\IncrementCommand.h">
      <Filter>Header Files</Filter>
    </ClInclude>
    <ClInclude Include="Interpeter\Commands\IntegerCommands\DecrementCommand.h">
      <Filter>Header Files</Filter>
    </ClInclude>
    <ClInclude Include="Interpeter\Commands\StringCommands\DuplicateCommand.h">
      <Filter>Header Files</Filter>
    </ClInclude>
    <ClInclude Include="Interpeter\Commands\StringCommands\ReverseCommand.h">
      <Filter>Header Files</Filter>
    </ClInclude>
    <ClInclude Include="Interpeter\Commands\StringCommands\SubstringCommand.h">
      <Filter>Header Files</Filter>
    </ClInclude>
    <ClInclude Include="Interpeter\Commands\StringCommands\IndexCommand.h">
      <Filter>Header Files</Filter>
    </ClInclude>
    <ClInclude Include="Interpeter\Commands\StringCommands\ConcatenationCommand.h">
      <Filter>Header Files</Filter>
    </ClInclude>
    <ClInclude Include="Interpeter\Commands\StringCommands\LengthCommand.h">
      <Filter>Header Files</Filter>
    </ClInclude>
    <ClInclude Include="Interpeter\Commands\StringCommands\RotateCommand.h">
      <Filter>Header Files</Filter>
    </ClInclude>
    <ClInclude Include="Interpeter\Commands\StringCommands\NewLineCommand.h">
      <Filter>Header Files</Filter>
    </ClInclude>
    <ClInclude Include="Interpeter\Commands\TestJumpCommands\GotoCommand.h">
      <Filter>Header Files</Filter>
    </ClInclude>
    <ClInclude Include="Interpeter\Commands\TestJumpCommands\GotoIfNotEqualCommand.h">
      <Filter>Header Files</Filter>
    </ClInclude>
    <ClInclude Include="Interpeter\Commands\TestJumpCommands\GotoIfEqualCommand.h">
      <Filter>Header Files</Filter>
    </ClInclude>
    <ClInclude Include="Interpeter\Commands\TestJumpCommands\GotoIfLessCommand.h">
      <Filter>Header Files</Filter>
    </ClInclude>
    <ClInclude Include="Interpeter\Commands\TestJumpCommands\GotoIfLessOrEqualCommand.h">
      <Filter>Header Files</Filter>
    </ClInclude>
    <ClInclude Include="Interpeter\Commands\TestJumpCommands\GotoIfGreaterCommand.h">
      <Filter>Header Files</Filter>
    </ClInclude>
    <ClInclude Include="Interpeter\Commands\TestJumpCommands\GotoIfGreaterOrEqualCommand.h">
      <Filter>Header Files</Filter>
    </ClInclude>
    <ClInclude Include="Interpeter\Commands\FunctionCommands\FunctionDefinitionCommand.h">
      <Filter>Header Files</Filter>
    </ClInclude>
    <ClInclude Include="Interpeter\Commands\FunctionCommands\FunctionReturnCommand.h">
      <Filter>Header Files</Filter>
    </ClInclude>
    <ClInclude Include="Exceptions\CurlUrlException.h">
      <Filter>Header Files</Filter>
    </ClInclude>
    <ClInclude Include="Exceptions\InterpreterException.h">
      <Filter>Header Files</Filter>
    </ClInclude>
    <ClInclude Include="Interpeter\Helper.h">
      <Filter>Header Files</Filter>
    </ClInclude>
    <ClInclude Include="Interpeter\Commands\OtherCommands\EndCommand.h">
      <Filter>Header Files</Filter>
    </ClInclude>
  </ItemGroup>
</Project>